Microsoft Visual Studio Solution File, Format Version 12.00
# Visual Studio 2012
Project("{FAE04EC0-301F-11D3-BF4B-00C04F79EFBC}") = "generate-chunks", "generate-chunks.csproj", "{AD0822B2-FE20-4DA7-9FBF-51D9467E28EA}"
EndProject
Global
	GlobalSection(SolutionConfigurationPlatforms) = preSolution
	Debug|Any CPU = Debug|Any CPU
	ExportDebug|Any CPU = ExportDebug|Any CPU
	ExportRelease|Any CPU = ExportRelease|Any CPU
	EndGlobalSection
	GlobalSection(ProjectConfigurationPlatforms) = postSolution
		{AD0822B2-FE20-4DA7-9FBF-51D9467E28EA}.Debug|Any CPU.ActiveCfg = Debug|Any CPU
		{AD0822B2-FE20-4DA7-9FBF-51D9467E28EA}.Debug|Any CPU.Build.0 = Debug|Any CPU
		{AD0822B2-FE20-4DA7-9FBF-51D9467E28EA}.ExportDebug|Any CPU.ActiveCfg = ExportDebug|Any CPU
		{AD0822B2-FE20-4DA7-9FBF-51D9467E28EA}.ExportDebug|Any CPU.Build.0 = ExportDebug|Any CPU
		{AD0822B2-FE20-4DA7-9FBF-51D9467E28EA}.ExportRelease|Any CPU.ActiveCfg = ExportRelease|Any CPU
		{AD0822B2-FE20-4DA7-9FBF-51D9467E28EA}.ExportRelease|Any CPU.Build.0 = ExportRelease|Any CPU
	EndGlobalSection
EndGlobal
